
Microsoft Visual Studio Solution File, Format Version 12.00
# Visual Studio Version 17
VisualStudioVersion = 17.11.35327.3
MinimumVisualStudioVersion = 10.0.40219.1
Project("{9A19103F-16F7-4668-BE54-9A1E7A4F7556}") = "Ecommerce", "Ecommerce\Ecommerce.csproj", "{5C1FF468-053E-4C52-AAAA-E6EECAA6878E}"
EndProject
Project("{9A19103F-16F7-4668-BE54-9A1E7A4F7556}") = "Auth.API", "Auth.API\Auth.API.csproj", "{BB542B16-1BCD-450E-9A5D-68E4C51AE755}"
EndProject
Project("{9A19103F-16F7-4668-BE54-9A1E7A4F7556}") = "Auth.Application", "Auth.Application\Auth.Application.csproj", "{36E735A6-4938-4EEE-B7CE-003788C29F94}"
EndProject
Project("{9A19103F-16F7-4668-BE54-9A1E7A4F7556}") = "Auth.Domain", "Auth.Domain\Auth.Domain.csproj", "{60340875-E692-4D7B-829F-D426B40CB387}"
EndProject
Project("{9A19103F-16F7-4668-BE54-9A1E7A4F7556}") = "Auth.Infrastructure", "Auth.Infrastructure\Auth.Infrastructure.csproj", "{889C2815-AE2F-4A7F-9A7E-9A659B4A6D50}"
EndProject
Project("{9A19103F-16F7-4668-BE54-9A1E7A4F7556}") = "ApiGateway", "ApiGateway\ApiGateway.csproj", "{0C255763-F552-4AAD-A875-E74795C0D560}"
EndProject
Project("{9A19103F-16F7-4668-BE54-9A1E7A4F7556}") = "Product.API", "Product.API\Product.API.csproj", "{7DBF98E4-FC51-4B07-8FC5-9C0C21CB4EC6}"
EndProject
Project("{9A19103F-16F7-4668-BE54-9A1E7A4F7556}") = "Product.Application", "Product.Application\Product.Application.csproj", "{FEB96F88-EB1D-4896-878F-14A2BDC4B839}"
EndProject
Project("{9A19103F-16F7-4668-BE54-9A1E7A4F7556}") = "Product.Domain", "Product.Domain\Product.Domain.csproj", "{452AA478-9933-4F33-9695-C688713F0848}"
EndProject
Project("{9A19103F-16F7-4668-BE54-9A1E7A4F7556}") = "Product.Infrastructure", "Product.Infrastructure\Product.Infrastructure.csproj", "{12B5D1C2-3FE2-40C1-BB00-B7BBA974B4B6}"
EndProject
Project("{2150E333-8FDC-42A3-9474-1A3956D46DE8}") = "Authentication", "Authentication", "{073B51B6-F68E-41F4-B322-FD80DB550248}"
EndProject
Project("{2150E333-8FDC-42A3-9474-1A3956D46DE8}") = "GateWay", "GateWay", "{1E494529-0D99-4C8B-8226-D4221486D28D}"
EndProject
Project("{2150E333-8FDC-42A3-9474-1A3956D46DE8}") = "Product", "Product", "{50959120-D536-4A47-8258-49E961EEF28A}"
EndProject
Project("{2150E333-8FDC-42A3-9474-1A3956D46DE8}") = "Cart", "Cart", "{A4A591D6-B315-4511-9CA2-6FD4CB7B9FE6}"
EndProject
Project("{9A19103F-16F7-4668-BE54-9A1E7A4F7556}") = "Cart.API", "Cart.API\Cart.API.csproj", "{0C148C9E-56D1-481A-97F2-97280BA8D1CF}"
EndProject
Project("{9A19103F-16F7-4668-BE54-9A1E7A4F7556}") = "Cart.Application", "Cart.Application\Cart.Application.csproj", "{64840DF6-AB98-4F72-B2CC-81FF853038B8}"
EndProject
Project("{9A19103F-16F7-4668-BE54-9A1E7A4F7556}") = "Cart.Domain", "Cart.Domain\Cart.Domain.csproj", "{8B2AC4C3-07D2-4B19-811C-5844D93570ED}"
EndProject
Project("{FAE04EC0-301F-11D3-BF4B-00C04F79EFBC}") = "Cart.Infrastructure", "Cart.Infrastructure\Cart.Infrastructure.csproj", "{E0339C31-5403-4159-9212-C9C1CF40CF2A}"
EndProject
Global
	GlobalSection(SolutionConfigurationPlatforms) = preSolution
		Debug|Any CPU = Debug|Any CPU
		Release|Any CPU = Release|Any CPU
	EndGlobalSection
	GlobalSection(ProjectConfigurationPlatforms) = postSolution
		{5C1FF468-053E-4C52-AAAA-E6EECAA6878E}.Debug|Any CPU.ActiveCfg = Debug|Any CPU
		{5C1FF468-053E-4C52-AAAA-E6EECAA6878E}.Debug|Any CPU.Build.0 = Debug|Any CPU
		{5C1FF468-053E-4C52-AAAA-E6EECAA6878E}.Release|Any CPU.ActiveCfg = Release|Any CPU
		{5C1FF468-053E-4C52-AAAA-E6EECAA6878E}.Release|Any CPU.Build.0 = Release|Any CPU
		{BB542B16-1BCD-450E-9A5D-68E4C51AE755}.Debug|Any CPU.ActiveCfg = Debug|Any CPU
		{BB542B16-1BCD-450E-9A5D-68E4C51AE755}.Debug|Any CPU.Build.0 = Debug|Any CPU
		{BB542B16-1BCD-450E-9A5D-68E4C51AE755}.Release|Any CPU.ActiveCfg = Release|Any CPU
		{BB542B16-1BCD-450E-9A5D-68E4C51AE755}.Release|Any CPU.Build.0 = Release|Any CPU
		{36E735A6-4938-4EEE-B7CE-003788C29F94}.Debug|Any CPU.ActiveCfg = Debug|Any CPU
		{36E735A6-4938-4EEE-B7CE-003788C29F94}.Debug|Any CPU.Build.0 = Debug|Any CPU
		{36E735A6-4938-4EEE-B7CE-003788C29F94}.Release|Any CPU.ActiveCfg = Release|Any CPU
		{36E735A6-4938-4EEE-B7CE-003788C29F94}.Release|Any CPU.Build.0 = Release|Any CPU
		{60340875-E692-4D7B-829F-D426B40CB387}.Debug|Any CPU.ActiveCfg = Debug|Any CPU
		{60340875-E692-4D7B-829F-D426B40CB387}.Debug|Any CPU.Build.0 = Debug|Any CPU
		{60340875-E692-4D7B-829F-D426B40CB387}.Release|Any CPU.ActiveCfg = Release|Any CPU
		{60340875-E692-4D7B-829F-D426B40CB387}.Release|Any CPU.Build.0 = Release|Any CPU
		{889C2815-AE2F-4A7F-9A7E-9A659B4A6D50}.Debug|Any CPU.ActiveCfg = Debug|Any CPU
		{889C2815-AE2F-4A7F-9A7E-9A659B4A6D50}.Debug|Any CPU.Build.0 = Debug|Any CPU
		{889C2815-AE2F-4A7F-9A7E-9A659B4A6D50}.Release|Any CPU.ActiveCfg = Release|Any CPU
		{889C2815-AE2F-4A7F-9A7E-9A659B4A6D50}.Release|Any CPU.Build.0 = Release|Any CPU
		{0C255763-F552-4AAD-A875-E74795C0D560}.Debug|Any CPU.ActiveCfg = Debug|Any CPU
		{0C255763-F552-4AAD-A875-E74795C0D560}.Debug|Any CPU.Build.0 = Debug|Any CPU
		{0C255763-F552-4AAD-A875-E74795C0D560}.Release|Any CPU.ActiveCfg = Release|Any CPU
		{0C255763-F552-4AAD-A875-E74795C0D560}.Release|Any CPU.Build.0 = Release|Any CPU
		{7DBF98E4-FC51-4B07-8FC5-9C0C21CB4EC6}.Debug|Any CPU.ActiveCfg = Debug|Any CPU
		{7DBF98E4-FC51-4B07-8FC5-9C0C21CB4EC6}.Debug|Any CPU.Build.0 = Debug|Any CPU
		{7DBF98E4-FC51-4B07-8FC5-9C0C21CB4EC6}.Release|Any CPU.ActiveCfg = Release|Any CPU
		{7DBF98E4-FC51-4B07-8FC5-9C0C21CB4EC6}.Release|Any CPU.Build.0 = Release|Any CPU
		{FEB96F88-EB1D-4896-878F-14A2BDC4B839}.Debug|Any CPU.ActiveCfg = Debug|Any CPU
		{FEB96F88-EB1D-4896-878F-14A2BDC4B839}.Debug|Any CPU.Build.0 = Debug|Any CPU
		{FEB96F88-EB1D-4896-878F-14A2BDC4B839}.Release|Any CPU.ActiveCfg = Release|Any CPU
		{FEB96F88-EB1D-4896-878F-14A2BDC4B839}.Release|Any CPU.Build.0 = Release|Any CPU
		{452AA478-9933-4F33-9695-C688713F0848}.Debug|Any CPU.ActiveCfg = Debug|Any CPU
		{452AA478-9933-4F33-9695-C688713F0848}.Debug|Any CPU.Build.0 = Debug|Any CPU
		{452AA478-9933-4F33-9695-C688713F0848}.Release|Any CPU.ActiveCfg = Release|Any CPU
		{452AA478-9933-4F33-9695-C688713F0848}.Release|Any CPU.Build.0 = Release|Any CPU
		{12B5D1C2-3FE2-40C1-BB00-B7BBA974B4B6}.Debug|Any CPU.ActiveCfg = Debug|Any CPU
		{12B5D1C2-3FE2-40C1-BB00-B7BBA974B4B6}.Debug|Any CPU.Build.0 = Debug|Any CPU
		{12B5D1C2-3FE2-40C1-BB00-B7BBA974B4B6}.Release|Any CPU.ActiveCfg = Release|Any CPU
		{12B5D1C2-3FE2-40C1-BB00-B7BBA974B4B6}.Release|Any CPU.Build.0 = Release|Any CPU
		{0C148C9E-56D1-481A-97F2-97280BA8D1CF}.Debug|Any CPU.ActiveCfg = Debug|Any CPU
		{0C148C9E-56D1-481A-97F2-97280BA8D1CF}.Debug|Any CPU.Build.0 = Debug|Any CPU
		{0C148C9E-56D1-481A-97F2-97280BA8D1CF}.Release|Any CPU.ActiveCfg = Release|Any CPU
		{0C148C9E-56D1-481A-97F2-97280BA8D1CF}.Release|Any CPU.Build.0 = Release|Any CPU
		{64840DF6-AB98-4F72-B2CC-81FF853038B8}.Debug|Any CPU.ActiveCfg = Debug|Any CPU
		{64840DF6-AB98-4F72-B2CC-81FF853038B8}.Debug|Any CPU.Build.0 = Debug|Any CPU
		{64840DF6-AB98-4F72-B2CC-81FF853038B8}.Release|Any CPU.ActiveCfg = Release|Any CPU
		{64840DF6-AB98-4F72-B2CC-81FF853038B8}.Release|Any CPU.Build.0 = Release|Any CPU
		{8B2AC4C3-07D2-4B19-811C-5844D93570ED}.Debug|Any CPU.ActiveCfg = Debug|Any CPU
		{8B2AC4C3-07D2-4B19-811C-5844D93570ED}.Debug|Any CPU.Build.0 = Debug|Any CPU
		{8B2AC4C3-07D2-4B19-811C-5844D93570ED}.Release|Any CPU.ActiveCfg = Release|Any CPU
		{8B2AC4C3-07D2-4B19-811C-5844D93570ED}.Release|Any CPU.Build.0 = Release|Any CPU
		{E0339C31-5403-4159-9212-C9C1CF40CF2A}.Debug|Any CPU.ActiveCfg = Debug|Any CPU
		{E0339C31-5403-4159-9212-C9C1CF40CF2A}.Debug|Any CPU.Build.0 = Debug|Any CPU
		{E0339C31-5403-4159-9212-C9C1CF40CF2A}.Release|Any CPU.ActiveCfg = Release|Any CPU
		{E0339C31-5403-4159-9212-C9C1CF40CF2A}.Release|Any CPU.Build.0 = Release|Any CPU
	EndGlobalSection
	GlobalSection(SolutionProperties) = preSolution
		HideSolutionNode = FALSE
	EndGlobalSection
	GlobalSection(NestedProjects) = preSolution
		{BB542B16-1BCD-450E-9A5D-68E4C51AE755} = {073B51B6-F68E-41F4-B322-FD80DB550248}
		{36E735A6-4938-4EEE-B7CE-003788C29F94} = {073B51B6-F68E-41F4-B322-FD80DB550248}
		{60340875-E692-4D7B-829F-D426B40CB387} = {073B51B6-F68E-41F4-B322-FD80DB550248}
		{889C2815-AE2F-4A7F-9A7E-9A659B4A6D50} = {073B51B6-F68E-41F4-B322-FD80DB550248}
		{0C255763-F552-4AAD-A875-E74795C0D560} = {1E494529-0D99-4C8B-8226-D4221486D28D}
		{7DBF98E4-FC51-4B07-8FC5-9C0C21CB4EC6} = {50959120-D536-4A47-8258-49E961EEF28A}
		{FEB96F88-EB1D-4896-878F-14A2BDC4B839} = {50959120-D536-4A47-8258-49E961EEF28A}
		{452AA478-9933-4F33-9695-C688713F0848} = {50959120-D536-4A47-8258-49E961EEF28A}
		{12B5D1C2-3FE2-40C1-BB00-B7BBA974B4B6} = {50959120-D536-4A47-8258-49E961EEF28A}
		{0C148C9E-56D1-481A-97F2-97280BA8D1CF} = {A4A591D6-B315-4511-9CA2-6FD4CB7B9FE6}
		{64840DF6-AB98-4F72-B2CC-81FF853038B8} = {A4A591D6-B315-4511-9CA2-6FD4CB7B9FE6}
		{8B2AC4C3-07D2-4B19-811C-5844D93570ED} = {A4A591D6-B315-4511-9CA2-6FD4CB7B9FE6}
		{E0339C31-5403-4159-9212-C9C1CF40CF2A} = {A4A591D6-B315-4511-9CA2-6FD4CB7B9FE6}
	EndGlobalSection
	GlobalSection(ExtensibilityGlobals) = postSolution
		SolutionGuid = {F9339D5B-9F7A-4ACD-B72E-3AFD4EA09E10}
	EndGlobalSection
EndGlobal
